
Microsoft Visual Studio Solution File, Format Version 12.00
# Visual Studio Version 17
VisualStudioVersion = 17.5.33516.290
MinimumVisualStudioVersion = 10.0.40219.1
Project("{FAE04EC0-301F-11D3-BF4B-00C04F79EFBC}") = "CM_Dashboard", "CM_Dashboard\CM_Dashboard.csproj", "{3AC71F29-2C89-4369-B42F-6851D05556EA}"
EndProject
Global
	GlobalSection(SolutionConfigurationPlatforms) = preSolution
		Debug|Any CPU = Debug|Any CPU
		Release|Any CPU = Release|Any CPU
	EndGlobalSection
	GlobalSection(ProjectConfigurationPlatforms) = postSolution
		{3AC71F29-2C89-4369-B42F-6851D05556EA}.Debug|Any CPU.ActiveCfg = Debug|Any CPU
		{3AC71F29-2C89-4369-B42F-6851D05556EA}.Debug|Any CPU.Build.0 = Debug|Any CPU
		{3AC71F29-2C89-4369-B42F-6851D05556EA}.Release|Any CPU.ActiveCfg = Release|Any CPU
		{3AC71F29-2C89-4369-B42F-6851D05556EA}.Release|Any CPU.Build.0 = Release|Any CPU
	EndGlobalSection
	GlobalSection(SolutionProperties) = preSolution
		HideSolutionNode = FALSE
	EndGlobalSection
	GlobalSection(ExtensibilityGlobals) = postSolution
		SolutionGuid = {1B27DA5C-9028-455E-A2AD-127BCD15F19C}
	EndGlobalSection
EndGlobal
